// !$*UTF8*$!
{
	archiveVersion = 1;
	classes = {
	};
	objectVersion = 46;
	objects = {

/* Begin PBXBuildFile section */
		E26DE3F5111B500300B738C8 /* JRSwizzle.m in Sources */ = {isa = PBXBuildFile; fileRef = E26DE3F4111B500300B738C8 /* JRSwizzle.m */; };
		E26DE460111B725600B738C8 /* DumpedSafariHeaders+Extensions.m in Sources */ = {isa = PBXBuildFile; fileRef = E26DE45F111B725600B738C8 /* DumpedSafariHeaders+Extensions.m */; };
		E26DE566111D80C400B738C8 /* NSDictionary+WindowObject.m in Sources */ = {isa = PBXBuildFile; fileRef = E26DE565111D80C400B738C8 /* NSDictionary+WindowObject.m */; };
		E26DE58B111D89E300B738C8 /* NSDictionary+TabObject.m in Sources */ = {isa = PBXBuildFile; fileRef = E26DE58A111D89E300B738C8 /* NSDictionary+TabObject.m */; };
		E26DE5B4111DB30100B738C8 /* SWMPluginController.m in Sources */ = {isa = PBXBuildFile; fileRef = E26DE5B3111DB30100B738C8 /* SWMPluginController.m */; };
		E2BFAE7E112177470029689B /* SWMUndoCloseTabExtension.m in Sources */ = {isa = PBXBuildFile; fileRef = E2BFAE7D112177470029689B /* SWMUndoCloseTabExtension.m */; };
		E2BFAE81112177640029689B /* UnallocableObject.m in Sources */ = {isa = PBXBuildFile; fileRef = E2BFAE80112177640029689B /* UnallocableObject.m */; };
		E2BFAEFA11218A5B0029689B /* Runtime.m in Sources */ = {isa = PBXBuildFile; fileRef = E2BFAEF911218A5B0029689B /* Runtime.m */; };
		E2BFAF39112193DE0029689B /* SWMCustomToolbarButtonExtension.m in Sources */ = {isa = PBXBuildFile; fileRef = E2BFAF38112193DE0029689B /* SWMCustomToolbarButtonExtension.m */; };
		E2E26FE2111873D10007B2BF /* SWMPluginLoader.m in Sources */ = {isa = PBXBuildFile; fileRef = E2E26FC9111864E10007B2BF /* SWMPluginLoader.m */; };
/* End PBXBuildFile section */

/* Begin PBXFileReference section */
		E26DE3F3111B500300B738C8 /* JRSwizzle.h */ = {isa = PBXFileReference; fileEncoding = 4; lastKnownFileType = sourcecode.c.h; name = JRSwizzle.h; path = JRSwizzle/JRSwizzle.h; sourceTree = "<group>"; };
		E26DE3F4111B500300B738C8 /* JRSwizzle.m */ = {isa = PBXFileReference; fileEncoding = 4; lastKnownFileType = sourcecode.c.objc; name = JRSwizzle.m; path = JRSwizzle/JRSwizzle.m; sourceTree = "<group>"; };
		E26DE45E111B725600B738C8 /* DumpedSafariHeaders+Extensions.h */ = {isa = PBXFileReference; fileEncoding = 4; lastKnownFileType = sourcecode.c.h; path = "DumpedSafariHeaders+Extensions.h"; sourceTree = "<group>"; };
		E26DE45F111B725600B738C8 /* DumpedSafariHeaders+Extensions.m */ = {isa = PBXFileReference; fileEncoding = 4; lastKnownFileType = sourcecode.c.objc; path = "DumpedSafariHeaders+Extensions.m"; sourceTree = "<group>"; };
		E26DE521111D4BC200B738C8 /* Extending.h */ = {isa = PBXFileReference; fileEncoding = 4; lastKnownFileType = sourcecode.c.h; path = Extending.h; sourceTree = "<group>"; };
		E26DE564111D80C400B738C8 /* NSDictionary+WindowObject.h */ = {isa = PBXFileReference; fileEncoding = 4; lastKnownFileType = sourcecode.c.h; path = "NSDictionary+WindowObject.h"; sourceTree = "<group>"; };
		E26DE565111D80C400B738C8 /* NSDictionary+WindowObject.m */ = {isa = PBXFileReference; fileEncoding = 4; lastKnownFileType = sourcecode.c.objc; path = "NSDictionary+WindowObject.m"; sourceTree = "<group>"; };
		E26DE589111D89E300B738C8 /* NSDictionary+TabObject.h */ = {isa = PBXFileReference; fileEncoding = 4; lastKnownFileType = sourcecode.c.h; path = "NSDictionary+TabObject.h"; sourceTree = "<group>"; };
		E26DE58A111D89E300B738C8 /* NSDictionary+TabObject.m */ = {isa = PBXFileReference; fileEncoding = 4; lastKnownFileType = sourcecode.c.objc; path = "NSDictionary+TabObject.m"; sourceTree = "<group>"; };
		E26DE5B2111DB30100B738C8 /* SWMPluginController.h */ = {isa = PBXFileReference; fileEncoding = 4; lastKnownFileType = sourcecode.c.h; path = SWMPluginController.h; sourceTree = "<group>"; };
		E26DE5B3111DB30100B738C8 /* SWMPluginController.m */ = {isa = PBXFileReference; fileEncoding = 4; lastKnownFileType = sourcecode.c.objc; path = SWMPluginController.m; sourceTree = "<group>"; };
		E2BFAE7C112177470029689B /* SWMUndoCloseTabExtension.h */ = {isa = PBXFileReference; fileEncoding = 4; lastKnownFileType = sourcecode.c.h; path = SWMUndoCloseTabExtension.h; sourceTree = "<group>"; };
		E2BFAE7D112177470029689B /* SWMUndoCloseTabExtension.m */ = {isa = PBXFileReference; fileEncoding = 4; lastKnownFileType = sourcecode.c.objc; path = SWMUndoCloseTabExtension.m; sourceTree = "<group>"; };
		E2BFAE7F112177640029689B /* UnallocableObject.h */ = {isa = PBXFileReference; fileEncoding = 4; lastKnownFileType = sourcecode.c.h; path = UnallocableObject.h; sourceTree = "<group>"; };
		E2BFAE80112177640029689B /* UnallocableObject.m */ = {isa = PBXFileReference; fileEncoding = 4; lastKnownFileType = sourcecode.c.objc; path = UnallocableObject.m; sourceTree = "<group>"; };
		E2BFAEF811218A5B0029689B /* Runtime.h */ = {isa = PBXFileReference; fileEncoding = 4; lastKnownFileType = sourcecode.c.h; path = Runtime.h; sourceTree = "<group>"; };
		E2BFAEF911218A5B0029689B /* Runtime.m */ = {isa = PBXFileReference; fileEncoding = 4; lastKnownFileType = sourcecode.c.objc; path = Runtime.m; sourceTree = "<group>"; };
		E2BFAF37112193DE0029689B /* SWMCustomToolbarButtonExtension.h */ = {isa = PBXFileReference; fileEncoding = 4; lastKnownFileType = sourcecode.c.h; path = SWMCustomToolbarButtonExtension.h; sourceTree = "<group>"; };
		E2BFAF38112193DE0029689B /* SWMCustomToolbarButtonExtension.m */ = {isa = PBXFileReference; fileEncoding = 4; lastKnownFileType = sourcecode.c.objc; path = SWMCustomToolbarButtonExtension.m; sourceTree = "<group>"; };
		E2E26FC8111864E10007B2BF /* SWMPluginLoader.h */ = {isa = PBXFileReference; fileEncoding = 4; lastKnownFileType = sourcecode.c.h; path = SWMPluginLoader.h; sourceTree = "<group>"; };
		E2E26FC9111864E10007B2BF /* SWMPluginLoader.m */ = {isa = PBXFileReference; fileEncoding = 4; lastKnownFileType = sourcecode.c.objc; path = SWMPluginLoader.m; sourceTree = "<group>"; };
		E2E26FCA1118657C0007B2BF /* DumpedSafariHeaders.h */ = {isa = PBXFileReference; fileEncoding = 4; lastKnownFileType = sourcecode.c.h; path = DumpedSafariHeaders.h; sourceTree = "<group>"; };
		E2E26FDC111873A20007B2BF /* SafariWindowManager.bundle */ = {isa = PBXFileReference; explicitFileType = wrapper.cfbundle; includeInIndex = 0; path = SafariWindowManager.bundle; sourceTree = BUILT_PRODUCTS_DIR; };
		E2E26FDE111873A20007B2BF /* Info.plist */ = {isa = PBXFileReference; lastKnownFileType = text.plist.xml; path = Info.plist; sourceTree = "<group>"; };
/* End PBXFileReference section */

/* Begin PBXFrameworksBuildPhase section */
		E2E26FDA111873A20007B2BF /* Frameworks */ = {
			isa = PBXFrameworksBuildPhase;
			buildActionMask = 2147483647;
			files = (
			);
			runOnlyForDeploymentPostprocessing = 0;
		};
/* End PBXFrameworksBuildPhase section */

/* Begin PBXGroup section */
		E26DE3F6111B500800B738C8 /* JRSwizzle */ = {
			isa = PBXGroup;
			children = (
				E26DE3F3111B500300B738C8 /* JRSwizzle.h */,
				E26DE3F4111B500300B738C8 /* JRSwizzle.m */,
			);
			name = JRSwizzle;
			sourceTree = "<group>";
		};
		E26DE559111D800C00B738C8 /* Safari Headers and Extensions */ = {
			isa = PBXGroup;
			children = (
				E26DE45E111B725600B738C8 /* DumpedSafariHeaders+Extensions.h */,
				E26DE45F111B725600B738C8 /* DumpedSafariHeaders+Extensions.m */,
			);
			name = "Safari Headers and Extensions";
			sourceTree = "<group>";
		};
		E26DE561111D808600B738C8 /* Core Objects */ = {
			isa = PBXGroup;
			children = (
				E26DE564111D80C400B738C8 /* NSDictionary+WindowObject.h */,
				E26DE565111D80C400B738C8 /* NSDictionary+WindowObject.m */,
				E26DE589111D89E300B738C8 /* NSDictionary+TabObject.h */,
				E26DE58A111D89E300B738C8 /* NSDictionary+TabObject.m */,
			);
			name = "Core Objects";
			sourceTree = "<group>";
		};
		E2BFAE79112177080029689B /* Extensions */ = {
			isa = PBXGroup;
			children = (
				E26DE521111D4BC200B738C8 /* Extending.h */,
				E2E26FCA1118657C0007B2BF /* DumpedSafariHeaders.h */,
				E2BFAE7C112177470029689B /* SWMUndoCloseTabExtension.h */,
				E2BFAE7D112177470029689B /* SWMUndoCloseTabExtension.m */,
				E2BFAF37112193DE0029689B /* SWMCustomToolbarButtonExtension.h */,
				E2BFAF38112193DE0029689B /* SWMCustomToolbarButtonExtension.m */,
			);
			name = Extensions;
			sourceTree = "<group>";
		};
		E2E26F6B1118227A0007B2BF = {
			isa = PBXGroup;
			children = (
				E2E26F7E111822A40007B2BF /* Sources */,
				E2E26FDD111873A20007B2BF /* Products */,
				E2E26FDE111873A20007B2BF /* Info.plist */,
			);
			sourceTree = "<group>";
		};
		E2E26F7E111822A40007B2BF /* Sources */ = {
			isa = PBXGroup;
			children = (
				E2E26FC7111864D00007B2BF /* Plugin */,
				E26DE3F6111B500800B738C8 /* JRSwizzle */,
			);
			name = Sources;
			sourceTree = "<group>";
		};
		E2E26FC7111864D00007B2BF /* Plugin */ = {
			isa = PBXGroup;
			children = (
				E2BFAE7F112177640029689B /* UnallocableObject.h */,
				E2BFAE80112177640029689B /* UnallocableObject.m */,
				E2BFAEF811218A5B0029689B /* Runtime.h */,
				E2BFAEF911218A5B0029689B /* Runtime.m */,
				E2BFAE79112177080029689B /* Extensions */,
				E26DE561111D808600B738C8 /* Core Objects */,
				E26DE559111D800C00B738C8 /* Safari Headers and Extensions */,
				E2E26FC8111864E10007B2BF /* SWMPluginLoader.h */,
				E2E26FC9111864E10007B2BF /* SWMPluginLoader.m */,
				E26DE5B2111DB30100B738C8 /* SWMPluginController.h */,
				E26DE5B3111DB30100B738C8 /* SWMPluginController.m */,
			);
			name = Plugin;
			sourceTree = "<group>";
		};
		E2E26FDD111873A20007B2BF /* Products */ = {
			isa = PBXGroup;
			children = (
				E2E26FDC111873A20007B2BF /* SafariWindowManager.bundle */,
			);
			name = Products;
			sourceTree = "<group>";
		};
/* End PBXGroup section */

/* Begin PBXNativeTarget section */
		E2E26FDB111873A20007B2BF /* SafariWindowManager */ = {
			isa = PBXNativeTarget;
			buildConfigurationList = E2E26FE1111873A30007B2BF /* Build configuration list for PBXNativeTarget "SafariWindowManager" */;
			buildPhases = (
				E2E26FD9111873A20007B2BF /* Sources */,
				E2E26FD8111873A20007B2BF /* Resources */,
				E2E26FDA111873A20007B2BF /* Frameworks */,
			);
			buildRules = (
			);
			dependencies = (
			);
			name = SafariWindowManager;
			productName = SafariWindowManager;
			productReference = E2E26FDC111873A20007B2BF /* SafariWindowManager.bundle */;
			productType = "com.apple.product-type.bundle";
		};
/* End PBXNativeTarget section */

/* Begin PBXProject section */
		E2E26F6D1118227A0007B2BF /* Project object */ = {
			isa = PBXProject;
			buildConfigurationList = E2E26F701118227A0007B2BF /* Build configuration list for PBXProject "SafariWindowManager" */;
			compatibilityVersion = "Xcode 3.2";
			hasScannedForEncodings = 0;
			mainGroup = E2E26F6B1118227A0007B2BF;
			productRefGroup = E2E26FDD111873A20007B2BF /* Products */;
			projectDirPath = "";
			projectRoot = "";
			targets = (
				E2E26FDB111873A20007B2BF /* SafariWindowManager */,
			);
		};
/* End PBXProject section */

/* Begin PBXResourcesBuildPhase section */
		E2E26FD8111873A20007B2BF /* Resources */ = {
			isa = PBXResourcesBuildPhase;
			buildActionMask = 2147483647;
			files = (
			);
			runOnlyForDeploymentPostprocessing = 0;
		};
/* End PBXResourcesBuildPhase section */

/* Begin PBXSourcesBuildPhase section */
		E2E26FD9111873A20007B2BF /* Sources */ = {
			isa = PBXSourcesBuildPhase;
			buildActionMask = 2147483647;
			files = (
				E2E26FE2111873D10007B2BF /* SWMPluginLoader.m in Sources */,
				E26DE3F5111B500300B738C8 /* JRSwizzle.m in Sources */,
				E26DE460111B725600B738C8 /* DumpedSafariHeaders+Extensions.m in Sources */,
				E26DE566111D80C400B738C8 /* NSDictionary+WindowObject.m in Sources */,
				E26DE58B111D89E300B738C8 /* NSDictionary+TabObject.m in Sources */,
				E26DE5B4111DB30100B738C8 /* SWMPluginController.m in Sources */,
				E2BFAE7E112177470029689B /* SWMUndoCloseTabExtension.m in Sources */,
				E2BFAE81112177640029689B /* UnallocableObject.m in Sources */,
				E2BFAEFA11218A5B0029689B /* Runtime.m in Sources */,
				E2BFAF39112193DE0029689B /* SWMCustomToolbarButtonExtension.m in Sources */,
			);
			runOnlyForDeploymentPostprocessing = 0;
		};
/* End PBXSourcesBuildPhase section */

/* Begin XCBuildConfiguration section */
		E2E26F6E1118227A0007B2BF /* Debug */ = {
			isa = XCBuildConfiguration;
			buildSettings = {
				ARCHS = "$(ARCHS_STANDARD_32_64_BIT)";
				COPY_PHASE_STRIP = NO;
				GCC_PRECOMPILE_PREFIX_HEADER = YES;
				GCC_VERSION = com.apple.compilers.llvm.clang.1_0;
				RUN_CLANG_STATIC_ANALYZER = NO;
				SDKROOT = macosx10.6;
				VALID_ARCHS = x86_64;
			};
			name = Debug;
		};
		E2E26F6F1118227A0007B2BF /* Release */ = {
			isa = XCBuildConfiguration;
			buildSettings = {
				ARCHS = "$(ARCHS_STANDARD_32_64_BIT)";
				COPY_PHASE_STRIP = YES;
				GCC_PRECOMPILE_PREFIX_HEADER = YES;
				GCC_VERSION = com.apple.compilers.llvm.clang.1_0;
				RUN_CLANG_STATIC_ANALYZER = NO;
				SDKROOT = macosx10.6;
				VALID_ARCHS = x86_64;
			};
			name = Release;
		};
		E2E26FDF111873A30007B2BF /* Debug */ = {
			isa = XCBuildConfiguration;
			buildSettings = {
				ALWAYS_SEARCH_USER_PATHS = NO;
				COPY_PHASE_STRIP = NO;
				GCC_DYNAMIC_NO_PIC = NO;
				GCC_ENABLE_FIX_AND_CONTINUE = YES;
				GCC_MODEL_TUNING = G5;
				GCC_OPTIMIZATION_LEVEL = 0;
				GCC_PRECOMPILE_PREFIX_HEADER = NO;
				GCC_PREFIX_HEADER = "$(SYSTEM_LIBRARY_DIR)/Frameworks/AppKit.framework/Headers/AppKit.h";
				INFOPLIST_FILE = Info.plist;
				INSTALL_PATH = "$(HOME)/Library/Bundles";
				OTHER_LDFLAGS = (
					"-framework",
					Foundation,
					"-framework",
					AppKit,
				);
				PREBINDING = NO;
				PRODUCT_NAME = SafariWindowManager;
				WRAPPER_EXTENSION = bundle;
			};
			name = Debug;
		};
		E2E26FE0111873A30007B2BF /* Release */ = {
			isa = XCBuildConfiguration;
			buildSettings = {
				ALWAYS_SEARCH_USER_PATHS = NO;
				COPY_PHASE_STRIP = YES;
				DEBUG_INFORMATION_FORMAT = "dwarf-with-dsym";
				GCC_ENABLE_FIX_AND_CONTINUE = NO;
				GCC_MODEL_TUNING = G5;
				GCC_PRECOMPILE_PREFIX_HEADER = NO;
				GCC_PREFIX_HEADER = "$(SYSTEM_LIBRARY_DIR)/Frameworks/AppKit.framework/Headers/AppKit.h";
				INFOPLIST_FILE = Info.plist;
				INSTALL_PATH = "$(HOME)/Library/Bundles";
				OTHER_LDFLAGS = (
					"-framework",
					Foundation,
					"-framework",
					AppKit,
				);
				PREBINDING = NO;
				PRODUCT_NAME = SafariWindowManager;
				WRAPPER_EXTENSION = bundle;
				ZERO_LINK = NO;
			};
			name = Release;
		};
/* End XCBuildConfiguration section */

/* Begin XCConfigurationList section */
		E2E26F701118227A0007B2BF /* Build configuration list for PBXProject "SafariWindowManager" */ = {
			isa = XCConfigurationList;
			buildConfigurations = (
				E2E26F6E1118227A0007B2BF /* Debug */,
				E2E26F6F1118227A0007B2BF /* Release */,
			);
			defaultConfigurationIsVisible = 0;
			defaultConfigurationName = Release;
		};
		E2E26FE1111873A30007B2BF /* Build configuration list for PBXNativeTarget "SafariWindowManager" */ = {
			isa = XCConfigurationList;
			buildConfigurations = (
				E2E26FDF111873A30007B2BF /* Debug */,
				E2E26FE0111873A30007B2BF /* Release */,
			);
			defaultConfigurationIsVisible = 0;
			defaultConfigurationName = Release;
		};
/* End XCConfigurationList section */
	};
	rootObject = E2E26F6D1118227A0007B2BF /* Project object */;
}
