// !$*UTF8*$!
{
	archiveVersion = 1;
	classes = {
	};
	objectVersion = 46;
	objects = {

/* Begin PBXBuildFile section */
		E20BD99A11302A3600FA2031 /* ToolbarButtonIcon.png in Resources */ = {isa = PBXBuildFile; fileRef = E20BD99911302A3600FA2031 /* ToolbarButtonIcon.png */; };
		E26DE3F5111B500300B738C8 /* JRSwizzle.m in Sources */ = {isa = PBXBuildFile; fileRef = E26DE3F4111B500300B738C8 /* JRSwizzle.m */; };
		E28A70F2112ECF3200029908 /* NSArray+CWSortedInsert.m in Sources */ = {isa = PBXBuildFile; fileRef = E28A70F0112ECF3200029908 /* NSArray+CWSortedInsert.m */; };
		E2BFAE81112177640029689B /* UnallocableObject.m in Sources */ = {isa = PBXBuildFile; fileRef = E2BFAE80112177640029689B /* UnallocableObject.m */; };
		E2BFAEFA11218A5B0029689B /* Runtime.m in Sources */ = {isa = PBXBuildFile; fileRef = E2BFAEF911218A5B0029689B /* Runtime.m */; };
		E2BFAF39112193DE0029689B /* CustomToolbarButtonExtension.m in Sources */ = {isa = PBXBuildFile; fileRef = E2BFAF38112193DE0029689B /* CustomToolbarButtonExtension.m */; };
		E2DB74741129B5ED0045EEDA /* RCTToolbarButtonController.m in Sources */ = {isa = PBXBuildFile; fileRef = E2DB74731129B5ED0045EEDA /* RCTToolbarButtonController.m */; };
		E2DB75201129C4480045EEDA /* DetectClosingTabExtension.m in Sources */ = {isa = PBXBuildFile; fileRef = E2DB751F1129C4480045EEDA /* DetectClosingTabExtension.m */; };
		E2DB756D112A99510045EEDA /* RecentlyClosedTabsWindow.xib in Resources */ = {isa = PBXBuildFile; fileRef = E2DB756C112A99510045EEDA /* RecentlyClosedTabsWindow.xib */; };
		E2DB7572112A9AB80045EEDA /* RCTRecentlyClosedTabsWindowContoller.m in Sources */ = {isa = PBXBuildFile; fileRef = E2DB7571112A9AB80045EEDA /* RCTRecentlyClosedTabsWindowContoller.m */; };
		E2DB7576112A9B150045EEDA /* RCTClosedTab.m in Sources */ = {isa = PBXBuildFile; fileRef = E2DB7575112A9B150045EEDA /* RCTClosedTab.m */; };
		E2E26FE2111873D10007B2BF /* RCTPluginMain.m in Sources */ = {isa = PBXBuildFile; fileRef = E2E26FC9111864E10007B2BF /* RCTPluginMain.m */; };
/* End PBXBuildFile section */

/* Begin PBXFileReference section */
		E20BD99911302A3600FA2031 /* ToolbarButtonIcon.png */ = {isa = PBXFileReference; lastKnownFileType = image.png; path = ToolbarButtonIcon.png; sourceTree = "<group>"; };
		E26DE3F3111B500300B738C8 /* JRSwizzle.h */ = {isa = PBXFileReference; fileEncoding = 4; lastKnownFileType = sourcecode.c.h; name = JRSwizzle.h; path = JRSwizzle/JRSwizzle.h; sourceTree = "<group>"; };
		E26DE3F4111B500300B738C8 /* JRSwizzle.m */ = {isa = PBXFileReference; fileEncoding = 4; lastKnownFileType = sourcecode.c.objc; name = JRSwizzle.m; path = JRSwizzle/JRSwizzle.m; sourceTree = "<group>"; };
		E26DE521111D4BC200B738C8 /* Extending.h */ = {isa = PBXFileReference; fileEncoding = 4; lastKnownFileType = sourcecode.c.h; path = Extending.h; sourceTree = "<group>"; };
		E28A70F0112ECF3200029908 /* NSArray+CWSortedInsert.m */ = {isa = PBXFileReference; fileEncoding = 4; lastKnownFileType = sourcecode.c.objc; path = "NSArray+CWSortedInsert.m"; sourceTree = "<group>"; };
		E28A70F1112ECF3200029908 /* NSArray+CWSortedInsert.h */ = {isa = PBXFileReference; fileEncoding = 4; lastKnownFileType = sourcecode.c.h; path = "NSArray+CWSortedInsert.h"; sourceTree = "<group>"; };
		E2BFAE7F112177640029689B /* UnallocableObject.h */ = {isa = PBXFileReference; fileEncoding = 4; lastKnownFileType = sourcecode.c.h; path = UnallocableObject.h; sourceTree = "<group>"; };
		E2BFAE80112177640029689B /* UnallocableObject.m */ = {isa = PBXFileReference; fileEncoding = 4; lastKnownFileType = sourcecode.c.objc; path = UnallocableObject.m; sourceTree = "<group>"; };
		E2BFAEF811218A5B0029689B /* Runtime.h */ = {isa = PBXFileReference; fileEncoding = 4; lastKnownFileType = sourcecode.c.h; path = Runtime.h; sourceTree = "<group>"; };
		E2BFAEF911218A5B0029689B /* Runtime.m */ = {isa = PBXFileReference; fileEncoding = 4; lastKnownFileType = sourcecode.c.objc; path = Runtime.m; sourceTree = "<group>"; };
		E2BFAF37112193DE0029689B /* CustomToolbarButtonExtension.h */ = {isa = PBXFileReference; fileEncoding = 4; lastKnownFileType = sourcecode.c.h; path = CustomToolbarButtonExtension.h; sourceTree = "<group>"; };
		E2BFAF38112193DE0029689B /* CustomToolbarButtonExtension.m */ = {isa = PBXFileReference; fileEncoding = 4; lastKnownFileType = sourcecode.c.objc; path = CustomToolbarButtonExtension.m; sourceTree = "<group>"; };
		E2DB74721129B5ED0045EEDA /* RCTToolbarButtonController.h */ = {isa = PBXFileReference; fileEncoding = 4; lastKnownFileType = sourcecode.c.h; path = RCTToolbarButtonController.h; sourceTree = "<group>"; };
		E2DB74731129B5ED0045EEDA /* RCTToolbarButtonController.m */ = {isa = PBXFileReference; fileEncoding = 4; lastKnownFileType = sourcecode.c.objc; path = RCTToolbarButtonController.m; sourceTree = "<group>"; };
		E2DB751E1129C4480045EEDA /* DetectClosingTabExtension.h */ = {isa = PBXFileReference; fileEncoding = 4; lastKnownFileType = sourcecode.c.h; path = DetectClosingTabExtension.h; sourceTree = "<group>"; };
		E2DB751F1129C4480045EEDA /* DetectClosingTabExtension.m */ = {isa = PBXFileReference; fileEncoding = 4; lastKnownFileType = sourcecode.c.objc; path = DetectClosingTabExtension.m; sourceTree = "<group>"; };
		E2DB756C112A99510045EEDA /* RecentlyClosedTabsWindow.xib */ = {isa = PBXFileReference; lastKnownFileType = file.xib; path = RecentlyClosedTabsWindow.xib; sourceTree = "<group>"; };
		E2DB7570112A9AB80045EEDA /* RCTRecentlyClosedTabsWindowContoller.h */ = {isa = PBXFileReference; fileEncoding = 4; lastKnownFileType = sourcecode.c.h; path = RCTRecentlyClosedTabsWindowContoller.h; sourceTree = "<group>"; };
		E2DB7571112A9AB80045EEDA /* RCTRecentlyClosedTabsWindowContoller.m */ = {isa = PBXFileReference; fileEncoding = 4; lastKnownFileType = sourcecode.c.objc; path = RCTRecentlyClosedTabsWindowContoller.m; sourceTree = "<group>"; };
		E2DB7574112A9B150045EEDA /* RCTClosedTab.h */ = {isa = PBXFileReference; fileEncoding = 4; lastKnownFileType = sourcecode.c.h; path = RCTClosedTab.h; sourceTree = "<group>"; };
		E2DB7575112A9B150045EEDA /* RCTClosedTab.m */ = {isa = PBXFileReference; fileEncoding = 4; lastKnownFileType = sourcecode.c.objc; path = RCTClosedTab.m; sourceTree = "<group>"; };
		E2E26FC8111864E10007B2BF /* RCTPluginMain.h */ = {isa = PBXFileReference; fileEncoding = 4; lastKnownFileType = sourcecode.c.h; path = RCTPluginMain.h; sourceTree = "<group>"; };
		E2E26FC9111864E10007B2BF /* RCTPluginMain.m */ = {isa = PBXFileReference; fileEncoding = 4; lastKnownFileType = sourcecode.c.objc; path = RCTPluginMain.m; sourceTree = "<group>"; };
		E2E26FCA1118657C0007B2BF /* DumpedSafariHeaders.h */ = {isa = PBXFileReference; fileEncoding = 4; lastKnownFileType = sourcecode.c.h; path = DumpedSafariHeaders.h; sourceTree = "<group>"; };
		E2E26FDC111873A20007B2BF /* RecentlyClosedTabs.bundle */ = {isa = PBXFileReference; explicitFileType = wrapper.cfbundle; includeInIndex = 0; path = RecentlyClosedTabs.bundle; sourceTree = BUILT_PRODUCTS_DIR; };
		E2E26FDE111873A20007B2BF /* Info.plist */ = {isa = PBXFileReference; lastKnownFileType = text.plist.xml; path = Info.plist; sourceTree = "<group>"; };
/* End PBXFileReference section */

/* Begin PBXFrameworksBuildPhase section */
		E2E26FDA111873A20007B2BF /* Frameworks */ = {
			isa = PBXFrameworksBuildPhase;
			buildActionMask = 2147483647;
			files = (
			);
			runOnlyForDeploymentPostprocessing = 0;
		};
/* End PBXFrameworksBuildPhase section */

/* Begin PBXGroup section */
		E26DE3F6111B500800B738C8 /* JRSwizzle */ = {
			isa = PBXGroup;
			children = (
				E26DE3F3111B500300B738C8 /* JRSwizzle.h */,
				E26DE3F4111B500300B738C8 /* JRSwizzle.m */,
			);
			name = JRSwizzle;
			sourceTree = "<group>";
		};
		E28A70F3112ECF3700029908 /* CWSortedInsert */ = {
			isa = PBXGroup;
			children = (
				E28A70F0112ECF3200029908 /* NSArray+CWSortedInsert.m */,
				E28A70F1112ECF3200029908 /* NSArray+CWSortedInsert.h */,
			);
			name = CWSortedInsert;
			sourceTree = "<group>";
		};
		E2BFAE79112177080029689B /* Extensions */ = {
			isa = PBXGroup;
			children = (
				E26DE521111D4BC200B738C8 /* Extending.h */,
				E2E26FCA1118657C0007B2BF /* DumpedSafariHeaders.h */,
				E2BFAF37112193DE0029689B /* CustomToolbarButtonExtension.h */,
				E2BFAF38112193DE0029689B /* CustomToolbarButtonExtension.m */,
				E2DB751E1129C4480045EEDA /* DetectClosingTabExtension.h */,
				E2DB751F1129C4480045EEDA /* DetectClosingTabExtension.m */,
			);
			name = Extensions;
			sourceTree = "<group>";
		};
		E2DB756B112A99360045EEDA /* Resources */ = {
			isa = PBXGroup;
			children = (
				E20BD99911302A3600FA2031 /* ToolbarButtonIcon.png */,
				E2DB756C112A99510045EEDA /* RecentlyClosedTabsWindow.xib */,
			);
			name = Resources;
			sourceTree = "<group>";
		};
		E2E26F6B1118227A0007B2BF = {
			isa = PBXGroup;
			children = (
				E2E26F7E111822A40007B2BF /* Sources */,
				E2DB756B112A99360045EEDA /* Resources */,
				E2E26FDD111873A20007B2BF /* Products */,
				E2E26FDE111873A20007B2BF /* Info.plist */,
			);
			sourceTree = "<group>";
		};
		E2E26F7E111822A40007B2BF /* Sources */ = {
			isa = PBXGroup;
			children = (
				E2BFAE7F112177640029689B /* UnallocableObject.h */,
				E2BFAE80112177640029689B /* UnallocableObject.m */,
				E2BFAEF811218A5B0029689B /* Runtime.h */,
				E2BFAEF911218A5B0029689B /* Runtime.m */,
				E2E26FC7111864D00007B2BF /* Plugin */,
				E28A70F3112ECF3700029908 /* CWSortedInsert */,
				E26DE3F6111B500800B738C8 /* JRSwizzle */,
			);
			name = Sources;
			sourceTree = "<group>";
		};
		E2E26FC7111864D00007B2BF /* Plugin */ = {
			isa = PBXGroup;
			children = (
				E2BFAE79112177080029689B /* Extensions */,
				E2E26FC8111864E10007B2BF /* RCTPluginMain.h */,
				E2E26FC9111864E10007B2BF /* RCTPluginMain.m */,
				E2DB74721129B5ED0045EEDA /* RCTToolbarButtonController.h */,
				E2DB74731129B5ED0045EEDA /* RCTToolbarButtonController.m */,
				E2DB7570112A9AB80045EEDA /* RCTRecentlyClosedTabsWindowContoller.h */,
				E2DB7571112A9AB80045EEDA /* RCTRecentlyClosedTabsWindowContoller.m */,
				E2DB7574112A9B150045EEDA /* RCTClosedTab.h */,
				E2DB7575112A9B150045EEDA /* RCTClosedTab.m */,
			);
			name = Plugin;
			sourceTree = "<group>";
		};
		E2E26FDD111873A20007B2BF /* Products */ = {
			isa = PBXGroup;
			children = (
				E2E26FDC111873A20007B2BF /* RecentlyClosedTabs.bundle */,
			);
			name = Products;
			sourceTree = "<group>";
		};
/* End PBXGroup section */

/* Begin PBXNativeTarget section */
		E2E26FDB111873A20007B2BF /* RecentlyClosedTabs */ = {
			isa = PBXNativeTarget;
			buildConfigurationList = E2E26FE1111873A30007B2BF /* Build configuration list for PBXNativeTarget "RecentlyClosedTabs" */;
			buildPhases = (
				E2E26FD9111873A20007B2BF /* Sources */,
				E2E26FD8111873A20007B2BF /* Resources */,
				E2E26FDA111873A20007B2BF /* Frameworks */,
				E2DB74A21129BC280045EEDA /* ShellScript */,
			);
			buildRules = (
			);
			dependencies = (
			);
			name = RecentlyClosedTabs;
			productName = SafariWindowManager;
			productReference = E2E26FDC111873A20007B2BF /* RecentlyClosedTabs.bundle */;
			productType = "com.apple.product-type.bundle";
		};
/* End PBXNativeTarget section */

/* Begin PBXProject section */
		E2E26F6D1118227A0007B2BF /* Project object */ = {
			isa = PBXProject;
			buildConfigurationList = E2E26F701118227A0007B2BF /* Build configuration list for PBXProject "RecentlyClosedTabs" */;
			compatibilityVersion = "Xcode 3.2";
			hasScannedForEncodings = 0;
			mainGroup = E2E26F6B1118227A0007B2BF;
			productRefGroup = E2E26FDD111873A20007B2BF /* Products */;
			projectDirPath = "";
			projectRoot = "";
			targets = (
				E2E26FDB111873A20007B2BF /* RecentlyClosedTabs */,
			);
		};
/* End PBXProject section */

/* Begin PBXResourcesBuildPhase section */
		E2E26FD8111873A20007B2BF /* Resources */ = {
			isa = PBXResourcesBuildPhase;
			buildActionMask = 2147483647;
			files = (
				E2DB756D112A99510045EEDA /* RecentlyClosedTabsWindow.xib in Resources */,
				E20BD99A11302A3600FA2031 /* ToolbarButtonIcon.png in Resources */,
			);
			runOnlyForDeploymentPostprocessing = 0;
		};
/* End PBXResourcesBuildPhase section */

/* Begin PBXShellScriptBuildPhase section */
		E2DB74A21129BC280045EEDA /* ShellScript */ = {
			isa = PBXShellScriptBuildPhase;
			buildActionMask = 2147483647;
			files = (
			);
			inputPaths = (
			);
			outputPaths = (
			);
			runOnlyForDeploymentPostprocessing = 0;
			shellPath = /bin/sh;
			shellScript = "if [ -f \"$HOME/Library/LaunchAgents/com.tastyapps.SpiceRack.plist\" ]; then\n\tif [ `sysctl -n kern.osrelease | cut -d . -f 1` -lt 9 ]; then\n\t\t`/bin/launchctl unload \"$HOME/Library/LaunchAgents/com.tastyapps.SpiceRack.plist\"`\n\telse\n\t\t`/bin/launchctl unload -S Aqua \"$HOME/Library/LaunchAgents/com.tastyapps.SpiceRack.plist\"`\n\tfi\nfi\n\ncp -rf \"${TARGET_BUILD_DIR}/${TARGET_NAME}.bundle\" $HOME/Library/Application\\ Support/SpiceRack/Spices\n\nif [ -f \"$HOME/Library/LaunchAgents/com.tastyapps.SpiceRack.plist\" ]; then\n\tif [ `sysctl -n kern.osrelease | cut -d . -f 1` -lt 9 ]; then\n\t\t`/bin/launchctl load \"$HOME/Library/LaunchAgents/com.tastyapps.SpiceRack.plist\"`\n\telse\n\t\t`/bin/launchctl load -S Aqua \"$HOME/Library/LaunchAgents/com.tastyapps.SpiceRack.plist\"`\n\tfi\nfi\n\nexit 0";
		};
/* End PBXShellScriptBuildPhase section */

/* Begin PBXSourcesBuildPhase section */
		E2E26FD9111873A20007B2BF /* Sources */ = {
			isa = PBXSourcesBuildPhase;
			buildActionMask = 2147483647;
			files = (
				E2E26FE2111873D10007B2BF /* RCTPluginMain.m in Sources */,
				E26DE3F5111B500300B738C8 /* JRSwizzle.m in Sources */,
				E2BFAE81112177640029689B /* UnallocableObject.m in Sources */,
				E2BFAEFA11218A5B0029689B /* Runtime.m in Sources */,
				E2BFAF39112193DE0029689B /* CustomToolbarButtonExtension.m in Sources */,
				E2DB74741129B5ED0045EEDA /* RCTToolbarButtonController.m in Sources */,
				E2DB75201129C4480045EEDA /* DetectClosingTabExtension.m in Sources */,
				E2DB7572112A9AB80045EEDA /* RCTRecentlyClosedTabsWindowContoller.m in Sources */,
				E2DB7576112A9B150045EEDA /* RCTClosedTab.m in Sources */,
				E28A70F2112ECF3200029908 /* NSArray+CWSortedInsert.m in Sources */,
			);
			runOnlyForDeploymentPostprocessing = 0;
		};
/* End PBXSourcesBuildPhase section */

/* Begin XCBuildConfiguration section */
		E2E26F6E1118227A0007B2BF /* Debug */ = {
			isa = XCBuildConfiguration;
			buildSettings = {
				ARCHS = "$(ARCHS_STANDARD_32_64_BIT)";
				COPY_PHASE_STRIP = NO;
				GCC_PRECOMPILE_PREFIX_HEADER = YES;
				GCC_VERSION = com.apple.compilers.llvm.clang.1_0;
				RUN_CLANG_STATIC_ANALYZER = NO;
				SDKROOT = macosx10.6;
				VALID_ARCHS = x86_64;
			};
			name = Debug;
		};
		E2E26F6F1118227A0007B2BF /* Release */ = {
			isa = XCBuildConfiguration;
			buildSettings = {
				ARCHS = "$(ARCHS_STANDARD_32_64_BIT)";
				COPY_PHASE_STRIP = YES;
				GCC_PRECOMPILE_PREFIX_HEADER = YES;
				GCC_VERSION = com.apple.compilers.llvm.clang.1_0;
				RUN_CLANG_STATIC_ANALYZER = NO;
				SDKROOT = macosx10.6;
				VALID_ARCHS = x86_64;
			};
			name = Release;
		};
		E2E26FDF111873A30007B2BF /* Debug */ = {
			isa = XCBuildConfiguration;
			buildSettings = {
				ALWAYS_SEARCH_USER_PATHS = NO;
				COPY_PHASE_STRIP = NO;
				GCC_DYNAMIC_NO_PIC = NO;
				GCC_ENABLE_FIX_AND_CONTINUE = YES;
				GCC_MODEL_TUNING = G5;
				GCC_OPTIMIZATION_LEVEL = 0;
				GCC_PRECOMPILE_PREFIX_HEADER = NO;
				GCC_PREFIX_HEADER = "$(SYSTEM_LIBRARY_DIR)/Frameworks/AppKit.framework/Headers/AppKit.h";
				INFOPLIST_FILE = Info.plist;
				INSTALL_PATH = "$(HOME)/Library/Bundles";
				OTHER_LDFLAGS = (
					"-framework",
					Foundation,
					"-framework",
					AppKit,
				);
				PREBINDING = NO;
				PRODUCT_NAME = RecentlyClosedTabs;
				WRAPPER_EXTENSION = bundle;
			};
			name = Debug;
		};
		E2E26FE0111873A30007B2BF /* Release */ = {
			isa = XCBuildConfiguration;
			buildSettings = {
				ALWAYS_SEARCH_USER_PATHS = NO;
				COPY_PHASE_STRIP = YES;
				DEBUG_INFORMATION_FORMAT = "dwarf-with-dsym";
				GCC_ENABLE_FIX_AND_CONTINUE = NO;
				GCC_MODEL_TUNING = G5;
				GCC_PRECOMPILE_PREFIX_HEADER = NO;
				GCC_PREFIX_HEADER = "$(SYSTEM_LIBRARY_DIR)/Frameworks/AppKit.framework/Headers/AppKit.h";
				INFOPLIST_FILE = Info.plist;
				INSTALL_PATH = "$(HOME)/Library/Bundles";
				OTHER_LDFLAGS = (
					"-framework",
					Foundation,
					"-framework",
					AppKit,
				);
				PREBINDING = NO;
				PRODUCT_NAME = RecentlyClosedTabs;
				WRAPPER_EXTENSION = bundle;
				ZERO_LINK = NO;
			};
			name = Release;
		};
/* End XCBuildConfiguration section */

/* Begin XCConfigurationList section */
		E2E26F701118227A0007B2BF /* Build configuration list for PBXProject "RecentlyClosedTabs" */ = {
			isa = XCConfigurationList;
			buildConfigurations = (
				E2E26F6E1118227A0007B2BF /* Debug */,
				E2E26F6F1118227A0007B2BF /* Release */,
			);
			defaultConfigurationIsVisible = 0;
			defaultConfigurationName = Release;
		};
		E2E26FE1111873A30007B2BF /* Build configuration list for PBXNativeTarget "RecentlyClosedTabs" */ = {
			isa = XCConfigurationList;
			buildConfigurations = (
				E2E26FDF111873A30007B2BF /* Debug */,
				E2E26FE0111873A30007B2BF /* Release */,
			);
			defaultConfigurationIsVisible = 0;
			defaultConfigurationName = Release;
		};
/* End XCConfigurationList section */
	};
	rootObject = E2E26F6D1118227A0007B2BF /* Project object */;
}
